
Microsoft Visual Studio Solution File, Format Version 12.00
# Visual Studio Version 16
VisualStudioVersion = 16.0.31729.503
MinimumVisualStudioVersion = 10.0.40219.1
Project("{FAE04EC0-301F-11D3-BF4B-00C04F79EFBC}") = "MetarAPI", "MetarAPI\MetarAPI.csproj", "{B4AA61E2-D3B7-49DC-869C-EC52444416DE}"
EndProject
Global
	GlobalSection(SolutionConfigurationPlatforms) = preSolution
		Debug|Any CPU = Debug|Any CPU
		Release|Any CPU = Release|Any CPU
	EndGlobalSection
	GlobalSection(ProjectConfigurationPlatforms) = postSolution
		{B4AA61E2-D3B7-49DC-869C-EC52444416DE}.Debug|Any CPU.ActiveCfg = Debug|Any CPU
		{B4AA61E2-D3B7-49DC-869C-EC52444416DE}.Debug|Any CPU.Build.0 = Debug|Any CPU
		{B4AA61E2-D3B7-49DC-869C-EC52444416DE}.Release|Any CPU.ActiveCfg = Release|Any CPU
		{B4AA61E2-D3B7-49DC-869C-EC52444416DE}.Release|Any CPU.Build.0 = Release|Any CPU
	EndGlobalSection
	GlobalSection(SolutionProperties) = preSolution
		HideSolutionNode = FALSE
	EndGlobalSection
	GlobalSection(ExtensibilityGlobals) = postSolution
		SolutionGuid = {382F9DD7-9854-4324-AE34-783CFED54F89}
	EndGlobalSection
EndGlobal
